
Microsoft Visual Studio Solution File, Format Version 12.00
# Visual Studio Version 17
VisualStudioVersion = 17.0.31903.59
MinimumVisualStudioVersion = 10.0.40219.1
Project("{2150E333-8FDC-42A3-9474-1A3956D46DE8}") = "src", "src", "{827E0CD3-B72D-47B6-A68D-7590B98EB39B}"
EndProject
Project("{FAE04EC0-301F-11D3-BF4B-00C04F79EFBC}") = "FcaDiag.Core", "src\FcaDiag.Core\FcaDiag.Core.csproj", "{8C56BF97-24C1-4369-BD50-7BD6ED256D28}"
EndProject
Project("{FAE04EC0-301F-11D3-BF4B-00C04F79EFBC}") = "FcaDiag.Protocols", "src\FcaDiag.Protocols\FcaDiag.Protocols.csproj", "{4FBCD474-0CBA-4EAF-8008-18D0B9C3E40C}"
EndProject
Project("{FAE04EC0-301F-11D3-BF4B-00C04F79EFBC}") = "FcaDiag.Console", "src\FcaDiag.Console\FcaDiag.Console.csproj", "{544EE309-40CF-4BF5-B9E0-53475A03E257}"
EndProject
Project("{2150E333-8FDC-42A3-9474-1A3956D46DE8}") = "tests", "tests", "{0AB3BF05-4346-4AA6-1389-037BE0695223}"
EndProject
Project("{FAE04EC0-301F-11D3-BF4B-00C04F79EFBC}") = "FcaDiag.Tests", "tests\FcaDiag.Tests\FcaDiag.Tests.csproj", "{5AE42E4E-C7A5-4D56-BD2C-F6AF902A2784}"
EndProject
Project("{FAE04EC0-301F-11D3-BF4B-00C04F79EFBC}") = "FcaDiag.J2534", "src\FcaDiag.J2534\FcaDiag.J2534.csproj", "{A2374005-66DF-4434-80E7-3AA73543DD08}"
EndProject
Global
	GlobalSection(SolutionConfigurationPlatforms) = preSolution
		Debug|Any CPU = Debug|Any CPU
		Debug|x64 = Debug|x64
		Debug|x86 = Debug|x86
		Release|Any CPU = Release|Any CPU
		Release|x64 = Release|x64
		Release|x86 = Release|x86
	EndGlobalSection
	GlobalSection(ProjectConfigurationPlatforms) = postSolution
		{8C56BF97-24C1-4369-BD50-7BD6ED256D28}.Debug|Any CPU.ActiveCfg = Debug|Any CPU
		{8C56BF97-24C1-4369-BD50-7BD6ED256D28}.Debug|Any CPU.Build.0 = Debug|Any CPU
		{8C56BF97-24C1-4369-BD50-7BD6ED256D28}.Debug|x64.ActiveCfg = Debug|Any CPU
		{8C56BF97-24C1-4369-BD50-7BD6ED256D28}.Debug|x64.Build.0 = Debug|Any CPU
		{8C56BF97-24C1-4369-BD50-7BD6ED256D28}.Debug|x86.ActiveCfg = Debug|Any CPU
		{8C56BF97-24C1-4369-BD50-7BD6ED256D28}.Debug|x86.Build.0 = Debug|Any CPU
		{8C56BF97-24C1-4369-BD50-7BD6ED256D28}.Release|Any CPU.ActiveCfg = Release|Any CPU
		{8C56BF97-24C1-4369-BD50-7BD6ED256D28}.Release|Any CPU.Build.0 = Release|Any CPU
		{8C56BF97-24C1-4369-BD50-7BD6ED256D28}.Release|x64.ActiveCfg = Release|Any CPU
		{8C56BF97-24C1-4369-BD50-7BD6ED256D28}.Release|x64.Build.0 = Release|Any CPU
		{8C56BF97-24C1-4369-BD50-7BD6ED256D28}.Release|x86.ActiveCfg = Release|Any CPU
		{8C56BF97-24C1-4369-BD50-7BD6ED256D28}.Release|x86.Build.0 = Release|Any CPU
		{4FBCD474-0CBA-4EAF-8008-18D0B9C3E40C}.Debug|Any CPU.ActiveCfg = Debug|Any CPU
		{4FBCD474-0CBA-4EAF-8008-18D0B9C3E40C}.Debug|Any CPU.Build.0 = Debug|Any CPU
		{4FBCD474-0CBA-4EAF-8008-18D0B9C3E40C}.Debug|x64.ActiveCfg = Debug|Any CPU
		{4FBCD474-0CBA-4EAF-8008-18D0B9C3E40C}.Debug|x64.Build.0 = Debug|Any CPU
		{4FBCD474-0CBA-4EAF-8008-18D0B9C3E40C}.Debug|x86.ActiveCfg = Debug|Any CPU
		{4FBCD474-0CBA-4EAF-8008-18D0B9C3E40C}.Debug|x86.Build.0 = Debug|Any CPU
		{4FBCD474-0CBA-4EAF-8008-18D0B9C3E40C}.Release|Any CPU.ActiveCfg = Release|Any CPU
		{4FBCD474-0CBA-4EAF-8008-18D0B9C3E40C}.Release|Any CPU.Build.0 = Release|Any CPU
		{4FBCD474-0CBA-4EAF-8008-18D0B9C3E40C}.Release|x64.ActiveCfg = Release|Any CPU
		{4FBCD474-0CBA-4EAF-8008-18D0B9C3E40C}.Release|x64.Build.0 = Release|Any CPU
		{4FBCD474-0CBA-4EAF-8008-18D0B9C3E40C}.Release|x86.ActiveCfg = Release|Any CPU
		{4FBCD474-0CBA-4EAF-8008-18D0B9C3E40C}.Release|x86.Build.0 = Release|Any CPU
		{544EE309-40CF-4BF5-B9E0-53475A03E257}.Debug|Any CPU.ActiveCfg = Debug|Any CPU
		{544EE309-40CF-4BF5-B9E0-53475A03E257}.Debug|Any CPU.Build.0 = Debug|Any CPU
		{544EE309-40CF-4BF5-B9E0-53475A03E257}.Debug|x64.ActiveCfg = Debug|Any CPU
		{544EE309-40CF-4BF5-B9E0-53475A03E257}.Debug|x64.Build.0 = Debug|Any CPU
		{544EE309-40CF-4BF5-B9E0-53475A03E257}.Debug|x86.ActiveCfg = Debug|Any CPU
		{544EE309-40CF-4BF5-B9E0-53475A03E257}.Debug|x86.Build.0 = Debug|Any CPU
		{544EE309-40CF-4BF5-B9E0-53475A03E257}.Release|Any CPU.ActiveCfg = Release|Any CPU
		{544EE309-40CF-4BF5-B9E0-53475A03E257}.Release|Any CPU.Build.0 = Release|Any CPU
		{544EE309-40CF-4BF5-B9E0-53475A03E257}.Release|x64.ActiveCfg = Release|Any CPU
		{544EE309-40CF-4BF5-B9E0-53475A03E257}.Release|x64.Build.0 = Release|Any CPU
		{544EE309-40CF-4BF5-B9E0-53475A03E257}.Release|x86.ActiveCfg = Release|Any CPU
		{544EE309-40CF-4BF5-B9E0-53475A03E257}.Release|x86.Build.0 = Release|Any CPU
		{5AE42E4E-C7A5-4D56-BD2C-F6AF902A2784}.Debug|Any CPU.ActiveCfg = Debug|Any CPU
		{5AE42E4E-C7A5-4D56-BD2C-F6AF902A2784}.Debug|Any CPU.Build.0 = Debug|Any CPU
		{5AE42E4E-C7A5-4D56-BD2C-F6AF902A2784}.Debug|x64.ActiveCfg = Debug|Any CPU
		{5AE42E4E-C7A5-4D56-BD2C-F6AF902A2784}.Debug|x64.Build.0 = Debug|Any CPU
		{5AE42E4E-C7A5-4D56-BD2C-F6AF902A2784}.Debug|x86.ActiveCfg = Debug|Any CPU
		{5AE42E4E-C7A5-4D56-BD2C-F6AF902A2784}.Debug|x86.Build.0 = Debug|Any CPU
		{5AE42E4E-C7A5-4D56-BD2C-F6AF902A2784}.Release|Any CPU.ActiveCfg = Release|Any CPU
		{5AE42E4E-C7A5-4D56-BD2C-F6AF902A2784}.Release|Any CPU.Build.0 = Release|Any CPU
		{5AE42E4E-C7A5-4D56-BD2C-F6AF902A2784}.Release|x64.ActiveCfg = Release|Any CPU
		{5AE42E4E-C7A5-4D56-BD2C-F6AF902A2784}.Release|x64.Build.0 = Release|Any CPU
		{5AE42E4E-C7A5-4D56-BD2C-F6AF902A2784}.Release|x86.ActiveCfg = Release|Any CPU
		{5AE42E4E-C7A5-4D56-BD2C-F6AF902A2784}.Release|x86.Build.0 = Release|Any CPU
		{A2374005-66DF-4434-80E7-3AA73543DD08}.Debug|Any CPU.ActiveCfg = Debug|Any CPU
		{A2374005-66DF-4434-80E7-3AA73543DD08}.Debug|Any CPU.Build.0 = Debug|Any CPU
		{A2374005-66DF-4434-80E7-3AA73543DD08}.Debug|x64.ActiveCfg = Debug|Any CPU
		{A2374005-66DF-4434-80E7-3AA73543DD08}.Debug|x64.Build.0 = Debug|Any CPU
		{A2374005-66DF-4434-80E7-3AA73543DD08}.Debug|x86.ActiveCfg = Debug|Any CPU
		{A2374005-66DF-4434-80E7-3AA73543DD08}.Debug|x86.Build.0 = Debug|Any CPU
		{A2374005-66DF-4434-80E7-3AA73543DD08}.Release|Any CPU.ActiveCfg = Release|Any CPU
		{A2374005-66DF-4434-80E7-3AA73543DD08}.Release|Any CPU.Build.0 = Release|Any CPU
		{A2374005-66DF-4434-80E7-3AA73543DD08}.Release|x64.ActiveCfg = Release|Any CPU
		{A2374005-66DF-4434-80E7-3AA73543DD08}.Release|x64.Build.0 = Release|Any CPU
		{A2374005-66DF-4434-80E7-3AA73543DD08}.Release|x86.ActiveCfg = Release|Any CPU
		{A2374005-66DF-4434-80E7-3AA73543DD08}.Release|x86.Build.0 = Release|Any CPU
	EndGlobalSection
	GlobalSection(SolutionProperties) = preSolution
		HideSolutionNode = FALSE
	EndGlobalSection
	GlobalSection(NestedProjects) = preSolution
		{8C56BF97-24C1-4369-BD50-7BD6ED256D28} = {827E0CD3-B72D-47B6-A68D-7590B98EB39B}
		{4FBCD474-0CBA-4EAF-8008-18D0B9C3E40C} = {827E0CD3-B72D-47B6-A68D-7590B98EB39B}
		{544EE309-40CF-4BF5-B9E0-53475A03E257} = {827E0CD3-B72D-47B6-A68D-7590B98EB39B}
		{5AE42E4E-C7A5-4D56-BD2C-F6AF902A2784} = {0AB3BF05-4346-4AA6-1389-037BE0695223}
		{A2374005-66DF-4434-80E7-3AA73543DD08} = {827E0CD3-B72D-47B6-A68D-7590B98EB39B}
	EndGlobalSection
EndGlobal
